// !$*UTF8*$!
{
	archiveVersion = 1;
	classes = {
	};
	objectVersion = 54;
	objects = {

/* Begin PBXBuildFile section */
		F0207E9E264275C400D727BA /* String.swift in Sources */ = {isa = PBXBuildFile; fileRef = F0207E9D264275C400D727BA /* String.swift */; };
		F0207E9F264275C400D727BA /* String.swift in Sources */ = {isa = PBXBuildFile; fileRef = F0207E9D264275C400D727BA /* String.swift */; };
		F031CFB527245AB100BE3D1D /* Reactor in Frameworks */ = {isa = PBXBuildFile; productRef = F031CFB427245AB100BE3D1D /* Reactor */; };
		F031D0842726CE0400BE3D1D /* Localizable.strings in Resources */ = {isa = PBXBuildFile; fileRef = F031D0872726CE0400BE3D1D /* Localizable.strings */; };
		F031D0852726CE0400BE3D1D /* Localizable.strings in Resources */ = {isa = PBXBuildFile; fileRef = F031D0872726CE0400BE3D1D /* Localizable.strings */; };
		F031D08C2726D26B00BE3D1D /* InfoPlist.strings in Resources */ = {isa = PBXBuildFile; fileRef = F031D08F2726D26B00BE3D1D /* InfoPlist.strings */; };
		F031D08D2726D26B00BE3D1D /* InfoPlist.strings in Resources */ = {isa = PBXBuildFile; fileRef = F031D08F2726D26B00BE3D1D /* InfoPlist.strings */; };
		F031D095272704A300BE3D1D /* Localized.swift in Sources */ = {isa = PBXBuildFile; fileRef = F031D094272704A300BE3D1D /* Localized.swift */; };
		F031D096272704A300BE3D1D /* Localized.swift in Sources */ = {isa = PBXBuildFile; fileRef = F031D094272704A300BE3D1D /* Localized.swift */; };
		F031D09A2727151600BE3D1D /* Localizable.stringsdict in Resources */ = {isa = PBXBuildFile; fileRef = F031D09D2727151600BE3D1D /* Localizable.stringsdict */; };
		F031D09B2727151600BE3D1D /* Localizable.stringsdict in Resources */ = {isa = PBXBuildFile; fileRef = F031D09D2727151600BE3D1D /* Localizable.stringsdict */; };
		F03236A22663AA340079376E /* StarUI in Frameworks */ = {isa = PBXBuildFile; productRef = F03236A12663AA340079376E /* StarUI */; };
		F0323731266DED210079376E /* Sound.swift in Sources */ = {isa = PBXBuildFile; fileRef = F0323730266DED210079376E /* Sound.swift */; };
		F0323732266DED210079376E /* Sound.swift in Sources */ = {isa = PBXBuildFile; fileRef = F0323730266DED210079376E /* Sound.swift */; };
		F0323734266DEE090079376E /* README.md in Resources */ = {isa = PBXBuildFile; fileRef = F0323733266DEE080079376E /* README.md */; };
		F0323735266DEE090079376E /* README.md in Resources */ = {isa = PBXBuildFile; fileRef = F0323733266DEE080079376E /* README.md */; };
		F06AB6D526D5544D00753F64 /* History.swift in Sources */ = {isa = PBXBuildFile; fileRef = F06AB6D426D5544D00753F64 /* History.swift */; };
		F06AB6D626D5544D00753F64 /* History.swift in Sources */ = {isa = PBXBuildFile; fileRef = F06AB6D426D5544D00753F64 /* History.swift */; };
		F06AB6D826D62A0A00753F64 /* HistoryView.swift in Sources */ = {isa = PBXBuildFile; fileRef = F06AB6D726D62A0A00753F64 /* HistoryView.swift */; };
		F06AB6D926D62A0A00753F64 /* HistoryView.swift in Sources */ = {isa = PBXBuildFile; fileRef = F06AB6D726D62A0A00753F64 /* HistoryView.swift */; };
		F06AB6DB26D62DBE00753F64 /* HistoryDetail.swift in Sources */ = {isa = PBXBuildFile; fileRef = F06AB6DA26D62DBE00753F64 /* HistoryDetail.swift */; };
		F06AB6DC26D62DBE00753F64 /* HistoryDetail.swift in Sources */ = {isa = PBXBuildFile; fileRef = F06AB6DA26D62DBE00753F64 /* HistoryDetail.swift */; };
		F06AB6DE26D6552300753F64 /* TimeFormatter.swift in Sources */ = {isa = PBXBuildFile; fileRef = F06AB6DD26D6552300753F64 /* TimeFormatter.swift */; };
		F06AB6DF26D6552300753F64 /* TimeFormatter.swift in Sources */ = {isa = PBXBuildFile; fileRef = F06AB6DD26D6552300753F64 /* TimeFormatter.swift */; };
		F06AB6E126D658D300753F64 /* HistoryStore.swift in Sources */ = {isa = PBXBuildFile; fileRef = F06AB6E026D658D300753F64 /* HistoryStore.swift */; };
		F06AB6E226D658D300753F64 /* HistoryStore.swift in Sources */ = {isa = PBXBuildFile; fileRef = F06AB6E026D658D300753F64 /* HistoryStore.swift */; };
		F06AB70426D7A45400753F64 /* Task.swift in Sources */ = {isa = PBXBuildFile; fileRef = F06AB70326D7A45400753F64 /* Task.swift */; };
		F06AB70526D7A45400753F64 /* Task.swift in Sources */ = {isa = PBXBuildFile; fileRef = F06AB70326D7A45400753F64 /* Task.swift */; };
		F06AB70726D7A8A800753F64 /* TaskPicker.swift in Sources */ = {isa = PBXBuildFile; fileRef = F06AB70626D7A8A800753F64 /* TaskPicker.swift */; };
		F06AB70826D7A8A800753F64 /* TaskPicker.swift in Sources */ = {isa = PBXBuildFile; fileRef = F06AB70626D7A8A800753F64 /* TaskPicker.swift */; };
		F06AB70A26D7AE3900753F64 /* TasksView.swift in Sources */ = {isa = PBXBuildFile; fileRef = F06AB70926D7AE3900753F64 /* TasksView.swift */; };
		F06AB70B26D7AE3900753F64 /* TasksView.swift in Sources */ = {isa = PBXBuildFile; fileRef = F06AB70926D7AE3900753F64 /* TasksView.swift */; };
		F06AB70E26D7BD3A00753F64 /* Collections in Frameworks */ = {isa = PBXBuildFile; productRef = F06AB70D26D7BD3A00753F64 /* Collections */; };
		F06AB71026D7BD4600753F64 /* Collections in Frameworks */ = {isa = PBXBuildFile; productRef = F06AB70F26D7BD4600753F64 /* Collections */; };
		F06AB71226D7C77200753F64 /* AddTaskView.swift in Sources */ = {isa = PBXBuildFile; fileRef = F06AB71126D7C77200753F64 /* AddTaskView.swift */; };
		F06AB71326D7C77200753F64 /* AddTaskView.swift in Sources */ = {isa = PBXBuildFile; fileRef = F06AB71126D7C77200753F64 /* AddTaskView.swift */; };
		F06AB71526D7DB1900753F64 /* TaskStore.swift in Sources */ = {isa = PBXBuildFile; fileRef = F06AB71426D7DB1900753F64 /* TaskStore.swift */; };
		F06AB71626D7DB1900753F64 /* TaskStore.swift in Sources */ = {isa = PBXBuildFile; fileRef = F06AB71426D7DB1900753F64 /* TaskStore.swift */; };
		F06AB71826D7DC7900753F64 /* Dict->Array.swift in Sources */ = {isa = PBXBuildFile; fileRef = F06AB71726D7DC7900753F64 /* Dict->Array.swift */; };
		F06AB71926D7DC7900753F64 /* Dict->Array.swift in Sources */ = {isa = PBXBuildFile; fileRef = F06AB71726D7DC7900753F64 /* Dict->Array.swift */; };
		F06AB71B26D8CB3D00753F64 /* EditTaskView.swift in Sources */ = {isa = PBXBuildFile; fileRef = F06AB71A26D8CB3D00753F64 /* EditTaskView.swift */; };
		F06AB71C26D8CB3D00753F64 /* EditTaskView.swift in Sources */ = {isa = PBXBuildFile; fileRef = F06AB71A26D8CB3D00753F64 /* EditTaskView.swift */; };
		F06AB72726D9532200753F64 /* DataStore.swift in Sources */ = {isa = PBXBuildFile; fileRef = F06AB72626D9532200753F64 /* DataStore.swift */; };
		F06AB72826D9532200753F64 /* DataStore.swift in Sources */ = {isa = PBXBuildFile; fileRef = F06AB72626D9532200753F64 /* DataStore.swift */; };
		F06AB72A26DCBE5900753F64 /* EditHistoryView.swift in Sources */ = {isa = PBXBuildFile; fileRef = F06AB72926DCBE5900753F64 /* EditHistoryView.swift */; };
		F06AB72B26DCBE5900753F64 /* EditHistoryView.swift in Sources */ = {isa = PBXBuildFile; fileRef = F06AB72926DCBE5900753F64 /* EditHistoryView.swift */; };
		F06AB72D26DCD0EA00753F64 /* TimeField.swift in Sources */ = {isa = PBXBuildFile; fileRef = F06AB72C26DCD0EA00753F64 /* TimeField.swift */; };
		F06AB72E26DCD0EA00753F64 /* TimeField.swift in Sources */ = {isa = PBXBuildFile; fileRef = F06AB72C26DCD0EA00753F64 /* TimeField.swift */; };
		F06AB73026E358F000753F64 /* AddHistoryView.swift in Sources */ = {isa = PBXBuildFile; fileRef = F06AB72F26E358EF00753F64 /* AddHistoryView.swift */; };
		F06AB73126E358F000753F64 /* AddHistoryView.swift in Sources */ = {isa = PBXBuildFile; fileRef = F06AB72F26E358EF00753F64 /* AddHistoryView.swift */; };
		F06AB73326E3632600753F64 /* Environment.swift in Sources */ = {isa = PBXBuildFile; fileRef = F06AB73226E3632600753F64 /* Environment.swift */; };
		F06AB73426E3632600753F64 /* Environment.swift in Sources */ = {isa = PBXBuildFile; fileRef = F06AB73226E3632600753F64 /* Environment.swift */; };
		F06BD6642721937C00470818 /* Reactor in Frameworks */ = {isa = PBXBuildFile; productRef = F06BD6632721937C00470818 /* Reactor */; };
		F08E2BB42610D01900C897D4 /* TimerViewModel.swift in Sources */ = {isa = PBXBuildFile; fileRef = F08E2BB32610D01900C897D4 /* TimerViewModel.swift */; };
		F08E2BB52610D01900C897D4 /* TimerViewModel.swift in Sources */ = {isa = PBXBuildFile; fileRef = F08E2BB32610D01900C897D4 /* TimerViewModel.swift */; };
		F08E2BBB2610D4CD00C897D4 /* ViewModelFactory.swift in Sources */ = {isa = PBXBuildFile; fileRef = F08E2BBA2610D4CD00C897D4 /* ViewModelFactory.swift */; };
		F08E2BBC2610D4CD00C897D4 /* ViewModelFactory.swift in Sources */ = {isa = PBXBuildFile; fileRef = F08E2BBA2610D4CD00C897D4 /* ViewModelFactory.swift */; };
		F08E2BF5261307F900C897D4 /* SoundPicker.swift in Sources */ = {isa = PBXBuildFile; fileRef = F08E2BF4261307F900C897D4 /* SoundPicker.swift */; };
		F08E2BF6261307F900C897D4 /* SoundPicker.swift in Sources */ = {isa = PBXBuildFile; fileRef = F08E2BF4261307F900C897D4 /* SoundPicker.swift */; };
		F094138E260DE18C007E75C9 /* ding.mp3 in Resources */ = {isa = PBXBuildFile; fileRef = F0B0491B2601F371000E8392 /* ding.mp3 */; };
		F0B0491D2601F371000E8392 /* ding.mp3 in Resources */ = {isa = PBXBuildFile; fileRef = F0B0491B2601F371000E8392 /* ding.mp3 */; };
		F0E087192663A49E0094BAA1 /* StarUI in Frameworks */ = {isa = PBXBuildFile; productRef = F0E087182663A49E0094BAA1 /* StarUI */; };
		F0E90F6225A5A44D0017EE68 /* IntervalTimer.swift in Sources */ = {isa = PBXBuildFile; fileRef = F0E90F6125A5A44D0017EE68 /* IntervalTimer.swift */; };
		F0E90F6325A5A44D0017EE68 /* IntervalTimer.swift in Sources */ = {isa = PBXBuildFile; fileRef = F0E90F6125A5A44D0017EE68 /* IntervalTimer.swift */; };
		F0E90F8625A5BD220017EE68 /* meditationBell.mp3 in Resources */ = {isa = PBXBuildFile; fileRef = F0E90F8525A5BD220017EE68 /* meditationBell.mp3 */; };
		F0E90F8725A5BD220017EE68 /* meditationBell.mp3 in Resources */ = {isa = PBXBuildFile; fileRef = F0E90F8525A5BD220017EE68 /* meditationBell.mp3 */; };
		F0E90F8F25A5BF650017EE68 /* SettingsView.swift in Sources */ = {isa = PBXBuildFile; fileRef = F0E90F8E25A5BF650017EE68 /* SettingsView.swift */; };
		F0E90F9025A5BF650017EE68 /* SettingsView.swift in Sources */ = {isa = PBXBuildFile; fileRef = F0E90F8E25A5BF650017EE68 /* SettingsView.swift */; };
		F0E90F9625A73AFD0017EE68 /* AppView.swift in Sources */ = {isa = PBXBuildFile; fileRef = F0E90F9525A73AFD0017EE68 /* AppView.swift */; };
		F0E90F9725A73AFD0017EE68 /* AppView.swift in Sources */ = {isa = PBXBuildFile; fileRef = F0E90F9525A73AFD0017EE68 /* AppView.swift */; };
		F0E90F9B25A745250017EE68 /* TimerSettings.swift in Sources */ = {isa = PBXBuildFile; fileRef = F0E90F9A25A745250017EE68 /* TimerSettings.swift */; };
		F0E90F9C25A745250017EE68 /* TimerSettings.swift in Sources */ = {isa = PBXBuildFile; fileRef = F0E90F9A25A745250017EE68 /* TimerSettings.swift */; };
		F0F6BEC32599D59D00C07D68 /* IntervalTimerApp.swift in Sources */ = {isa = PBXBuildFile; fileRef = F0F6BEB02599D59A00C07D68 /* IntervalTimerApp.swift */; };
		F0F6BEC42599D59D00C07D68 /* IntervalTimerApp.swift in Sources */ = {isa = PBXBuildFile; fileRef = F0F6BEB02599D59A00C07D68 /* IntervalTimerApp.swift */; };
		F0F6BEC52599D59D00C07D68 /* TimerView.swift in Sources */ = {isa = PBXBuildFile; fileRef = F0F6BEB12599D59A00C07D68 /* TimerView.swift */; };
		F0F6BEC62599D59D00C07D68 /* TimerView.swift in Sources */ = {isa = PBXBuildFile; fileRef = F0F6BEB12599D59A00C07D68 /* TimerView.swift */; };
		F0F6BEC72599D59D00C07D68 /* Assets.xcassets in Resources */ = {isa = PBXBuildFile; fileRef = F0F6BEB22599D59D00C07D68 /* Assets.xcassets */; };
		F0F6BEC82599D59D00C07D68 /* Assets.xcassets in Resources */ = {isa = PBXBuildFile; fileRef = F0F6BEB22599D59D00C07D68 /* Assets.xcassets */; };
/* End PBXBuildFile section */

/* Begin PBXFileReference section */
		F0207E9D264275C400D727BA /* String.swift */ = {isa = PBXFileReference; lastKnownFileType = sourcecode.swift; path = String.swift; sourceTree = "<group>"; };
		F031D0862726CE0400BE3D1D /* en */ = {isa = PBXFileReference; lastKnownFileType = text.plist.strings; name = en; path = en.lproj/Localizable.strings; sourceTree = "<group>"; };
		F031D0882726CE0800BE3D1D /* uk */ = {isa = PBXFileReference; lastKnownFileType = text.plist.strings; name = uk; path = uk.lproj/Localizable.strings; sourceTree = "<group>"; };
		F031D08E2726D26B00BE3D1D /* uk */ = {isa = PBXFileReference; lastKnownFileType = text.plist.strings; name = uk; path = uk.lproj/InfoPlist.strings; sourceTree = "<group>"; };
		F031D093272700AF00BE3D1D /* en */ = {isa = PBXFileReference; lastKnownFileType = text.plist.strings; name = en; path = en.lproj/InfoPlist.strings; sourceTree = "<group>"; };
		F031D094272704A300BE3D1D /* Localized.swift */ = {isa = PBXFileReference; lastKnownFileType = sourcecode.swift; path = Localized.swift; sourceTree = "<group>"; };
		F031D09C2727151600BE3D1D /* en */ = {isa = PBXFileReference; lastKnownFileType = text.plist.stringsdict; name = en; path = en.lproj/Localizable.stringsdict; sourceTree = "<group>"; };
		F031D09E2727151800BE3D1D /* uk */ = {isa = PBXFileReference; lastKnownFileType = text.plist.stringsdict; name = uk; path = uk.lproj/Localizable.stringsdict; sourceTree = "<group>"; };
		F0323730266DED210079376E /* Sound.swift */ = {isa = PBXFileReference; fileEncoding = 4; lastKnownFileType = sourcecode.swift; path = Sound.swift; sourceTree = "<group>"; };
		F0323733266DEE080079376E /* README.md */ = {isa = PBXFileReference; fileEncoding = 4; lastKnownFileType = net.daringfireball.markdown; path = README.md; sourceTree = "<group>"; };
		F06AB6D426D5544D00753F64 /* History.swift */ = {isa = PBXFileReference; lastKnownFileType = sourcecode.swift; path = History.swift; sourceTree = "<group>"; };
		F06AB6D726D62A0A00753F64 /* HistoryView.swift */ = {isa = PBXFileReference; lastKnownFileType = sourcecode.swift; path = HistoryView.swift; sourceTree = "<group>"; };
		F06AB6DA26D62DBE00753F64 /* HistoryDetail.swift */ = {isa = PBXFileReference; lastKnownFileType = sourcecode.swift; path = HistoryDetail.swift; sourceTree = "<group>"; };
		F06AB6DD26D6552300753F64 /* TimeFormatter.swift */ = {isa = PBXFileReference; lastKnownFileType = sourcecode.swift; path = TimeFormatter.swift; sourceTree = "<group>"; };
		F06AB6E026D658D300753F64 /* HistoryStore.swift */ = {isa = PBXFileReference; lastKnownFileType = sourcecode.swift; path = HistoryStore.swift; sourceTree = "<group>"; };
		F06AB70326D7A45400753F64 /* Task.swift */ = {isa = PBXFileReference; lastKnownFileType = sourcecode.swift; path = Task.swift; sourceTree = "<group>"; };
		F06AB70626D7A8A800753F64 /* TaskPicker.swift */ = {isa = PBXFileReference; lastKnownFileType = sourcecode.swift; path = TaskPicker.swift; sourceTree = "<group>"; };
		F06AB70926D7AE3900753F64 /* TasksView.swift */ = {isa = PBXFileReference; lastKnownFileType = sourcecode.swift; path = TasksView.swift; sourceTree = "<group>"; };
		F06AB71126D7C77200753F64 /* AddTaskView.swift */ = {isa = PBXFileReference; lastKnownFileType = sourcecode.swift; path = AddTaskView.swift; sourceTree = "<group>"; };
		F06AB71426D7DB1900753F64 /* TaskStore.swift */ = {isa = PBXFileReference; lastKnownFileType = sourcecode.swift; path = TaskStore.swift; sourceTree = "<group>"; };
		F06AB71726D7DC7900753F64 /* Dict->Array.swift */ = {isa = PBXFileReference; lastKnownFileType = sourcecode.swift; path = "Dict->Array.swift"; sourceTree = "<group>"; };
		F06AB71A26D8CB3D00753F64 /* EditTaskView.swift */ = {isa = PBXFileReference; lastKnownFileType = sourcecode.swift; path = EditTaskView.swift; sourceTree = "<group>"; };
		F06AB72626D9532200753F64 /* DataStore.swift */ = {isa = PBXFileReference; lastKnownFileType = sourcecode.swift; path = DataStore.swift; sourceTree = "<group>"; };
		F06AB72926DCBE5900753F64 /* EditHistoryView.swift */ = {isa = PBXFileReference; lastKnownFileType = sourcecode.swift; path = EditHistoryView.swift; sourceTree = "<group>"; };
		F06AB72C26DCD0EA00753F64 /* TimeField.swift */ = {isa = PBXFileReference; lastKnownFileType = sourcecode.swift; path = TimeField.swift; sourceTree = "<group>"; };
		F06AB72F26E358EF00753F64 /* AddHistoryView.swift */ = {isa = PBXFileReference; lastKnownFileType = sourcecode.swift; path = AddHistoryView.swift; sourceTree = "<group>"; };
		F06AB73226E3632600753F64 /* Environment.swift */ = {isa = PBXFileReference; fileEncoding = 4; lastKnownFileType = sourcecode.swift; path = Environment.swift; sourceTree = "<group>"; };
		F08E2BB32610D01900C897D4 /* TimerViewModel.swift */ = {isa = PBXFileReference; indentWidth = 4; lastKnownFileType = sourcecode.swift; path = TimerViewModel.swift; sourceTree = "<group>"; wrapsLines = 0; };
		F08E2BBA2610D4CD00C897D4 /* ViewModelFactory.swift */ = {isa = PBXFileReference; lastKnownFileType = sourcecode.swift; name = ViewModelFactory.swift; path = Shared/ViewModelFactory.swift; sourceTree = SOURCE_ROOT; };
		F08E2BF4261307F900C897D4 /* SoundPicker.swift */ = {isa = PBXFileReference; lastKnownFileType = sourcecode.swift; path = SoundPicker.swift; sourceTree = "<group>"; };
		F0B0491B2601F371000E8392 /* ding.mp3 */ = {isa = PBXFileReference; lastKnownFileType = audio.mp3; path = ding.mp3; sourceTree = "<group>"; };
		F0E90F6125A5A44D0017EE68 /* IntervalTimer.swift */ = {isa = PBXFileReference; lastKnownFileType = sourcecode.swift; path = IntervalTimer.swift; sourceTree = "<group>"; };
		F0E90F8525A5BD220017EE68 /* meditationBell.mp3 */ = {isa = PBXFileReference; lastKnownFileType = audio.mp3; path = meditationBell.mp3; sourceTree = "<group>"; };
		F0E90F8E25A5BF650017EE68 /* SettingsView.swift */ = {isa = PBXFileReference; lastKnownFileType = sourcecode.swift; path = SettingsView.swift; sourceTree = "<group>"; wrapsLines = 0; };
		F0E90F9525A73AFD0017EE68 /* AppView.swift */ = {isa = PBXFileReference; indentWidth = 4; lastKnownFileType = sourcecode.swift; path = AppView.swift; sourceTree = "<group>"; wrapsLines = 0; };
		F0E90F9A25A745250017EE68 /* TimerSettings.swift */ = {isa = PBXFileReference; lastKnownFileType = sourcecode.swift; path = TimerSettings.swift; sourceTree = "<group>"; };
		F0F6BEB02599D59A00C07D68 /* IntervalTimerApp.swift */ = {isa = PBXFileReference; lastKnownFileType = sourcecode.swift; path = IntervalTimerApp.swift; sourceTree = "<group>"; };
		F0F6BEB12599D59A00C07D68 /* TimerView.swift */ = {isa = PBXFileReference; lastKnownFileType = sourcecode.swift; path = TimerView.swift; sourceTree = "<group>"; };
		F0F6BEB22599D59D00C07D68 /* Assets.xcassets */ = {isa = PBXFileReference; lastKnownFileType = folder.assetcatalog; path = Assets.xcassets; sourceTree = "<group>"; };
		F0F6BEB72599D59D00C07D68 /* IntervalTimer.app */ = {isa = PBXFileReference; explicitFileType = wrapper.application; includeInIndex = 0; path = IntervalTimer.app; sourceTree = BUILT_PRODUCTS_DIR; };
		F0F6BEBA2599D59D00C07D68 /* Info.plist */ = {isa = PBXFileReference; lastKnownFileType = text.plist.xml; path = Info.plist; sourceTree = "<group>"; };
		F0F6BEBF2599D59D00C07D68 /* IntervalTimer.app */ = {isa = PBXFileReference; explicitFileType = wrapper.application; includeInIndex = 0; path = IntervalTimer.app; sourceTree = BUILT_PRODUCTS_DIR; };
		F0F6BEC12599D59D00C07D68 /* Info.plist */ = {isa = PBXFileReference; lastKnownFileType = text.plist.xml; path = Info.plist; sourceTree = "<group>"; };
		F0F6BEC22599D59D00C07D68 /* macOS.entitlements */ = {isa = PBXFileReference; lastKnownFileType = text.plist.entitlements; path = macOS.entitlements; sourceTree = "<group>"; };
/* End PBXFileReference section */

/* Begin PBXFrameworksBuildPhase section */
		F0F6BEB42599D59D00C07D68 /* Frameworks */ = {
			isa = PBXFrameworksBuildPhase;
			buildActionMask = 2147483647;
			files = (
				F06BD6642721937C00470818 /* Reactor in Frameworks */,
				F06AB70E26D7BD3A00753F64 /* Collections in Frameworks */,
				F0E087192663A49E0094BAA1 /* StarUI in Frameworks */,
			);
			runOnlyForDeploymentPostprocessing = 0;
		};
		F0F6BEBC2599D59D00C07D68 /* Frameworks */ = {
			isa = PBXFrameworksBuildPhase;
			buildActionMask = 2147483647;
			files = (
				F031CFB527245AB100BE3D1D /* Reactor in Frameworks */,
				F06AB71026D7BD4600753F64 /* Collections in Frameworks */,
				F03236A22663AA340079376E /* StarUI in Frameworks */,
			);
			runOnlyForDeploymentPostprocessing = 0;
		};
/* End PBXFrameworksBuildPhase section */

/* Begin PBXGroup section */
		F031CFB62724662800BE3D1D /* Views */ = {
			isa = PBXGroup;
			children = (
				F06AB72C26DCD0EA00753F64 /* TimeField.swift */,
			);
			path = Views;
			sourceTree = "<group>";
		};
		F03236A02663AA340079376E /* Frameworks */ = {
			isa = PBXGroup;
			children = (
			);
			name = Frameworks;
			sourceTree = "<group>";
		};
		F08E2BB22610CFA400C897D4 /* Views */ = {
			isa = PBXGroup;
			children = (
				F08E2BBF2610E1B700C897D4 /* TimerView */,
				F0E90F9525A73AFD0017EE68 /* AppView.swift */,
				F0E90F8E25A5BF650017EE68 /* SettingsView.swift */,
				F08E2BF4261307F900C897D4 /* SoundPicker.swift */,
				F06AB70626D7A8A800753F64 /* TaskPicker.swift */,
				F06AB70926D7AE3900753F64 /* TasksView.swift */,
				F06AB71126D7C77200753F64 /* AddTaskView.swift */,
				F06AB71A26D8CB3D00753F64 /* EditTaskView.swift */,
				F06AB6D726D62A0A00753F64 /* HistoryView.swift */,
				F06AB6DA26D62DBE00753F64 /* HistoryDetail.swift */,
				F06AB72926DCBE5900753F64 /* EditHistoryView.swift */,
				F06AB72F26E358EF00753F64 /* AddHistoryView.swift */,
			);
			path = Views;
			sourceTree = "<group>";
		};
		F08E2BBF2610E1B700C897D4 /* TimerView */ = {
			isa = PBXGroup;
			children = (
				F08E2BB32610D01900C897D4 /* TimerViewModel.swift */,
				F0F6BEB12599D59A00C07D68 /* TimerView.swift */,
			);
			path = TimerView;
			sourceTree = "<group>";
		};
		F0E90F6025A5A42A0017EE68 /* Models */ = {
			isa = PBXGroup;
			children = (
				F0323730266DED210079376E /* Sound.swift */,
				F0E90F6125A5A44D0017EE68 /* IntervalTimer.swift */,
				F0E90F9A25A745250017EE68 /* TimerSettings.swift */,
				F06AB6D426D5544D00753F64 /* History.swift */,
				F06AB6E026D658D300753F64 /* HistoryStore.swift */,
				F06AB70326D7A45400753F64 /* Task.swift */,
				F06AB71426D7DB1900753F64 /* TaskStore.swift */,
				F06AB72626D9532200753F64 /* DataStore.swift */,
			);
			path = Models;
			sourceTree = "<group>";
		};
		F0E90F6D25A5ACC30017EE68 /* Support */ = {
			isa = PBXGroup;
			children = (
				F031CFB62724662800BE3D1D /* Views */,
				F06AB73226E3632600753F64 /* Environment.swift */,
				F0207E9D264275C400D727BA /* String.swift */,
				F06AB6DD26D6552300753F64 /* TimeFormatter.swift */,
				F06AB71726D7DC7900753F64 /* Dict->Array.swift */,
				F031D094272704A300BE3D1D /* Localized.swift */,
			);
			path = Support;
			sourceTree = "<group>";
		};
		F0E90F7125A5AD0E0017EE68 /* Resources */ = {
			isa = PBXGroup;
			children = (
				F0B0491B2601F371000E8392 /* ding.mp3 */,
				F0E90F8525A5BD220017EE68 /* meditationBell.mp3 */,
			);
			path = Resources;
			sourceTree = "<group>";
		};
		F0F6BEAA2599D59A00C07D68 = {
			isa = PBXGroup;
			children = (
				F0323733266DEE080079376E /* README.md */,
				F0F6BEAF2599D59A00C07D68 /* Shared */,
				F0F6BEB92599D59D00C07D68 /* iOS */,
				F0F6BEC02599D59D00C07D68 /* macOS */,
				F0F6BEB82599D59D00C07D68 /* Products */,
				F03236A02663AA340079376E /* Frameworks */,
			);
			sourceTree = "<group>";
		};
		F0F6BEAF2599D59A00C07D68 /* Shared */ = {
			isa = PBXGroup;
			children = (
				F0E90F6D25A5ACC30017EE68 /* Support */,
				F0E90F6025A5A42A0017EE68 /* Models */,
				F08E2BB22610CFA400C897D4 /* Views */,
				F0E90F7125A5AD0E0017EE68 /* Resources */,
				F0F6BEB02599D59A00C07D68 /* IntervalTimerApp.swift */,
				F08E2BBA2610D4CD00C897D4 /* ViewModelFactory.swift */,
				F0F6BEB22599D59D00C07D68 /* Assets.xcassets */,
				F031D0872726CE0400BE3D1D /* Localizable.strings */,
				F031D08F2726D26B00BE3D1D /* InfoPlist.strings */,
				F031D09D2727151600BE3D1D /* Localizable.stringsdict */,
			);
			path = Shared;
			sourceTree = "<group>";
		};
		F0F6BEB82599D59D00C07D68 /* Products */ = {
			isa = PBXGroup;
			children = (
				F0F6BEB72599D59D00C07D68 /* IntervalTimer.app */,
				F0F6BEBF2599D59D00C07D68 /* IntervalTimer.app */,
			);
			name = Products;
			sourceTree = "<group>";
		};
		F0F6BEB92599D59D00C07D68 /* iOS */ = {
			isa = PBXGroup;
			children = (
				F0F6BEBA2599D59D00C07D68 /* Info.plist */,
			);
			path = iOS;
			sourceTree = "<group>";
		};
		F0F6BEC02599D59D00C07D68 /* macOS */ = {
			isa = PBXGroup;
			children = (
				F0F6BEC12599D59D00C07D68 /* Info.plist */,
				F0F6BEC22599D59D00C07D68 /* macOS.entitlements */,
			);
			path = macOS;
			sourceTree = "<group>";
		};
/* End PBXGroup section */

/* Begin PBXNativeTarget section */
		F0F6BEB62599D59D00C07D68 /* IntervalTimer (iOS) */ = {
			isa = PBXNativeTarget;
			buildConfigurationList = F0F6BECB2599D59D00C07D68 /* Build configuration list for PBXNativeTarget "IntervalTimer (iOS)" */;
			buildPhases = (
				F0F6BEB32599D59D00C07D68 /* Sources */,
				F0F6BEB42599D59D00C07D68 /* Frameworks */,
				F0F6BEB52599D59D00C07D68 /* Resources */,
			);
			buildRules = (
			);
			dependencies = (
			);
			name = "IntervalTimer (iOS)";
			packageProductDependencies = (
				F0E087182663A49E0094BAA1 /* StarUI */,
				F06AB70D26D7BD3A00753F64 /* Collections */,
				F06BD6632721937C00470818 /* Reactor */,
			);
			productName = "IntervalTimer (iOS)";
			productReference = F0F6BEB72599D59D00C07D68 /* IntervalTimer.app */;
			productType = "com.apple.product-type.application";
		};
		F0F6BEBE2599D59D00C07D68 /* IntervalTimer (macOS) */ = {
			isa = PBXNativeTarget;
			buildConfigurationList = F0F6BECE2599D59D00C07D68 /* Build configuration list for PBXNativeTarget "IntervalTimer (macOS)" */;
			buildPhases = (
				F0F6BEBB2599D59D00C07D68 /* Sources */,
				F0F6BEBC2599D59D00C07D68 /* Frameworks */,
				F0F6BEBD2599D59D00C07D68 /* Resources */,
			);
			buildRules = (
			);
			dependencies = (
			);
			name = "IntervalTimer (macOS)";
			packageProductDependencies = (
				F03236A12663AA340079376E /* StarUI */,
				F06AB70F26D7BD4600753F64 /* Collections */,
				F031CFB427245AB100BE3D1D /* Reactor */,
			);
			productName = "IntervalTimer (macOS)";
			productReference = F0F6BEBF2599D59D00C07D68 /* IntervalTimer.app */;
			productType = "com.apple.product-type.application";
		};
/* End PBXNativeTarget section */

/* Begin PBXProject section */
		F0F6BEAB2599D59A00C07D68 /* Project object */ = {
			isa = PBXProject;
			attributes = {
				LastSwiftUpdateCheck = 1240;
				LastUpgradeCheck = 1240;
				TargetAttributes = {
					F0F6BEB62599D59D00C07D68 = {
						CreatedOnToolsVersion = 12.3;
					};
					F0F6BEBE2599D59D00C07D68 = {
						CreatedOnToolsVersion = 12.3;
					};
				};
			};
			buildConfigurationList = F0F6BEAE2599D59A00C07D68 /* Build configuration list for PBXProject "IntervalTimer" */;
			compatibilityVersion = "Xcode 12.0";
			developmentRegion = en;
			hasScannedForEncodings = 0;
			knownRegions = (
				en,
				Base,
				uk,
			);
			mainGroup = F0F6BEAA2599D59A00C07D68;
			packageReferences = (
				F0E087172663A49D0094BAA1 /* XCRemoteSwiftPackageReference "StarUI" */,
				F06AB70C26D7BD3A00753F64 /* XCRemoteSwiftPackageReference "swift-collections" */,
				F06BD6622721937C00470818 /* XCRemoteSwiftPackageReference "Reactor" */,
			);
			productRefGroup = F0F6BEB82599D59D00C07D68 /* Products */;
			projectDirPath = "";
			projectRoot = "";
			targets = (
				F0F6BEB62599D59D00C07D68 /* IntervalTimer (iOS) */,
				F0F6BEBE2599D59D00C07D68 /* IntervalTimer (macOS) */,
			);
		};
/* End PBXProject section */

/* Begin PBXResourcesBuildPhase section */
		F0F6BEB52599D59D00C07D68 /* Resources */ = {
			isa = PBXResourcesBuildPhase;
			buildActionMask = 2147483647;
			files = (
				F031D0842726CE0400BE3D1D /* Localizable.strings in Resources */,
				F031D08C2726D26B00BE3D1D /* InfoPlist.strings in Resources */,
				F0E90F8625A5BD220017EE68 /* meditationBell.mp3 in Resources */,
				F094138E260DE18C007E75C9 /* ding.mp3 in Resources */,
				F0323734266DEE090079376E /* README.md in Resources */,
				F0F6BEC72599D59D00C07D68 /* Assets.xcassets in Resources */,
				F031D09A2727151600BE3D1D /* Localizable.stringsdict in Resources */,
			);
			runOnlyForDeploymentPostprocessing = 0;
		};
		F0F6BEBD2599D59D00C07D68 /* Resources */ = {
			isa = PBXResourcesBuildPhase;
			buildActionMask = 2147483647;
			files = (
				F031D0852726CE0400BE3D1D /* Localizable.strings in Resources */,
				F031D08D2726D26B00BE3D1D /* InfoPlist.strings in Resources */,
				F0B0491D2601F371000E8392 /* ding.mp3 in Resources */,
				F0E90F8725A5BD220017EE68 /* meditationBell.mp3 in Resources */,
				F0323735266DEE090079376E /* README.md in Resources */,
				F0F6BEC82599D59D00C07D68 /* Assets.xcassets in Resources */,
				F031D09B2727151600BE3D1D /* Localizable.stringsdict in Resources */,
			);
			runOnlyForDeploymentPostprocessing = 0;
		};
/* End PBXResourcesBuildPhase section */

/* Begin PBXSourcesBuildPhase section */
		F0F6BEB32599D59D00C07D68 /* Sources */ = {
			isa = PBXSourcesBuildPhase;
			buildActionMask = 2147483647;
			files = (
				F06AB71826D7DC7900753F64 /* Dict->Array.swift in Sources */,
				F0323731266DED210079376E /* Sound.swift in Sources */,
				F06AB6DE26D6552300753F64 /* TimeFormatter.swift in Sources */,
				F06AB72726D9532200753F64 /* DataStore.swift in Sources */,
				F0E90F9B25A745250017EE68 /* TimerSettings.swift in Sources */,
				F0E90F8F25A5BF650017EE68 /* SettingsView.swift in Sources */,
				F0E90F6225A5A44D0017EE68 /* IntervalTimer.swift in Sources */,
				F06AB71226D7C77200753F64 /* AddTaskView.swift in Sources */,
				F06AB71526D7DB1900753F64 /* TaskStore.swift in Sources */,
				F0F6BEC52599D59D00C07D68 /* TimerView.swift in Sources */,
				F06AB71B26D8CB3D00753F64 /* EditTaskView.swift in Sources */,
				F031D095272704A300BE3D1D /* Localized.swift in Sources */,
				F06AB70426D7A45400753F64 /* Task.swift in Sources */,
				F0E90F9625A73AFD0017EE68 /* AppView.swift in Sources */,
				F08E2BB42610D01900C897D4 /* TimerViewModel.swift in Sources */,
				F06AB6E126D658D300753F64 /* HistoryStore.swift in Sources */,
				F06AB6D826D62A0A00753F64 /* HistoryView.swift in Sources */,
				F06AB72D26DCD0EA00753F64 /* TimeField.swift in Sources */,
				F08E2BBB2610D4CD00C897D4 /* ViewModelFactory.swift in Sources */,
				F06AB73326E3632600753F64 /* Environment.swift in Sources */,
				F08E2BF5261307F900C897D4 /* SoundPicker.swift in Sources */,
				F0207E9E264275C400D727BA /* String.swift in Sources */,
				F06AB72A26DCBE5900753F64 /* EditHistoryView.swift in Sources */,
				F06AB70A26D7AE3900753F64 /* TasksView.swift in Sources */,
				F06AB6D526D5544D00753F64 /* History.swift in Sources */,
				F0F6BEC32599D59D00C07D68 /* IntervalTimerApp.swift in Sources */,
				F06AB6DB26D62DBE00753F64 /* HistoryDetail.swift in Sources */,
				F06AB70726D7A8A800753F64 /* TaskPicker.swift in Sources */,
				F06AB73026E358F000753F64 /* AddHistoryView.swift in Sources */,
			);
			runOnlyForDeploymentPostprocessing = 0;
		};
		F0F6BEBB2599D59D00C07D68 /* Sources */ = {
			isa = PBXSourcesBuildPhase;
			buildActionMask = 2147483647;
			files = (
				F06AB71926D7DC7900753F64 /* Dict->Array.swift in Sources */,
				F0323732266DED210079376E /* Sound.swift in Sources */,
				F06AB6DF26D6552300753F64 /* TimeFormatter.swift in Sources */,
				F06AB72826D9532200753F64 /* DataStore.swift in Sources */,
				F0E90F9C25A745250017EE68 /* TimerSettings.swift in Sources */,
				F0E90F9025A5BF650017EE68 /* SettingsView.swift in Sources */,
				F0F6BEC62599D59D00C07D68 /* TimerView.swift in Sources */,
				F06AB71326D7C77200753F64 /* AddTaskView.swift in Sources */,
				F06AB71626D7DB1900753F64 /* TaskStore.swift in Sources */,
				F0F6BEC42599D59D00C07D68 /* IntervalTimerApp.swift in Sources */,
				F06AB71C26D8CB3D00753F64 /* EditTaskView.swift in Sources */,
				F031D096272704A300BE3D1D /* Localized.swift in Sources */,
				F06AB70526D7A45400753F64 /* Task.swift in Sources */,
				F0E90F6325A5A44D0017EE68 /* IntervalTimer.swift in Sources */,
				F08E2BB52610D01900C897D4 /* TimerViewModel.swift in Sources */,
				F06AB6E226D658D300753F64 /* HistoryStore.swift in Sources */,
				F06AB6D926D62A0A00753F64 /* HistoryView.swift in Sources */,
				F06AB72E26DCD0EA00753F64 /* TimeField.swift in Sources */,
				F08E2BBC2610D4CD00C897D4 /* ViewModelFactory.swift in Sources */,
				F06AB73426E3632600753F64 /* Environment.swift in Sources */,
				F08E2BF6261307F900C897D4 /* SoundPicker.swift in Sources */,
				F0207E9F264275C400D727BA /* String.swift in Sources */,
				F06AB72B26DCBE5900753F64 /* EditHistoryView.swift in Sources */,
				F06AB70B26D7AE3900753F64 /* TasksView.swift in Sources */,
				F06AB6D626D5544D00753F64 /* History.swift in Sources */,
				F0E90F9725A73AFD0017EE68 /* AppView.swift in Sources */,
				F06AB6DC26D62DBE00753F64 /* HistoryDetail.swift in Sources */,
				F06AB70826D7A8A800753F64 /* TaskPicker.swift in Sources */,
				F06AB73126E358F000753F64 /* AddHistoryView.swift in Sources */,
			);
			runOnlyForDeploymentPostprocessing = 0;
		};
/* End PBXSourcesBuildPhase section */

/* Begin PBXVariantGroup section */
		F031D0872726CE0400BE3D1D /* Localizable.strings */ = {
			isa = PBXVariantGroup;
			children = (
				F031D0862726CE0400BE3D1D /* en */,
				F031D0882726CE0800BE3D1D /* uk */,
			);
			name = Localizable.strings;
			sourceTree = "<group>";
		};
		F031D08F2726D26B00BE3D1D /* InfoPlist.strings */ = {
			isa = PBXVariantGroup;
			children = (
				F031D093272700AF00BE3D1D /* en */,
				F031D08E2726D26B00BE3D1D /* uk */,
			);
			name = InfoPlist.strings;
			sourceTree = "<group>";
		};
		F031D09D2727151600BE3D1D /* Localizable.stringsdict */ = {
			isa = PBXVariantGroup;
			children = (
				F031D09C2727151600BE3D1D /* en */,
				F031D09E2727151800BE3D1D /* uk */,
			);
			name = Localizable.stringsdict;
			sourceTree = "<group>";
		};
/* End PBXVariantGroup section */

/* Begin XCBuildConfiguration section */
		F0F6BEC92599D59D00C07D68 /* Debug */ = {
			isa = XCBuildConfiguration;
			buildSettings = {
				ALWAYS_SEARCH_USER_PATHS = NO;
				CLANG_ANALYZER_NONNULL = YES;
				CLANG_ANALYZER_NUMBER_OBJECT_CONVERSION = YES_AGGRESSIVE;
				CLANG_CXX_LANGUAGE_STANDARD = "gnu++14";
				CLANG_CXX_LIBRARY = "libc++";
				CLANG_ENABLE_MODULES = YES;
				CLANG_ENABLE_OBJC_ARC = YES;
				CLANG_ENABLE_OBJC_WEAK = YES;
				CLANG_WARN_BLOCK_CAPTURE_AUTORELEASING = YES;
				CLANG_WARN_BOOL_CONVERSION = YES;
				CLANG_WARN_COMMA = YES;
				CLANG_WARN_CONSTANT_CONVERSION = YES;
				CLANG_WARN_DEPRECATED_OBJC_IMPLEMENTATIONS = YES;
				CLANG_WARN_DIRECT_OBJC_ISA_USAGE = YES_ERROR;
				CLANG_WARN_DOCUMENTATION_COMMENTS = YES;
				CLANG_WARN_EMPTY_BODY = YES;
				CLANG_WARN_ENUM_CONVERSION = YES;
				CLANG_WARN_INFINITE_RECURSION = YES;
				CLANG_WARN_INT_CONVERSION = YES;
				CLANG_WARN_NON_LITERAL_NULL_CONVERSION = YES;
				CLANG_WARN_OBJC_IMPLICIT_RETAIN_SELF = YES;
				CLANG_WARN_OBJC_LITERAL_CONVERSION = YES;
				CLANG_WARN_OBJC_ROOT_CLASS = YES_ERROR;
				CLANG_WARN_QUOTED_INCLUDE_IN_FRAMEWORK_HEADER = YES;
				CLANG_WARN_RANGE_LOOP_ANALYSIS = YES;
				CLANG_WARN_STRICT_PROTOTYPES = YES;
				CLANG_WARN_SUSPICIOUS_MOVE = YES;
				CLANG_WARN_UNGUARDED_AVAILABILITY = YES_AGGRESSIVE;
				CLANG_WARN_UNREACHABLE_CODE = YES;
				CLANG_WARN__DUPLICATE_METHOD_MATCH = YES;
				COPY_PHASE_STRIP = NO;
				DEBUG_INFORMATION_FORMAT = dwarf;
				ENABLE_STRICT_OBJC_MSGSEND = YES;
				ENABLE_TESTABILITY = YES;
				GCC_C_LANGUAGE_STANDARD = gnu11;
				GCC_DYNAMIC_NO_PIC = NO;
				GCC_NO_COMMON_BLOCKS = YES;
				GCC_OPTIMIZATION_LEVEL = 0;
				GCC_PREPROCESSOR_DEFINITIONS = (
					"DEBUG=1",
					"$(inherited)",
				);
				GCC_WARN_64_TO_32_BIT_CONVERSION = YES;
				GCC_WARN_ABOUT_RETURN_TYPE = YES_ERROR;
				GCC_WARN_UNDECLARED_SELECTOR = YES;
				GCC_WARN_UNINITIALIZED_AUTOS = YES_AGGRESSIVE;
				GCC_WARN_UNUSED_FUNCTION = YES;
				GCC_WARN_UNUSED_VARIABLE = YES;
				MTL_ENABLE_DEBUG_INFO = INCLUDE_SOURCE;
				MTL_FAST_MATH = YES;
				ONLY_ACTIVE_ARCH = YES;
				SWIFT_ACTIVE_COMPILATION_CONDITIONS = DEBUG;
				SWIFT_OPTIMIZATION_LEVEL = "-Onone";
			};
			name = Debug;
		};
		F0F6BECA2599D59D00C07D68 /* Release */ = {
			isa = XCBuildConfiguration;
			buildSettings = {
				ALWAYS_SEARCH_USER_PATHS = NO;
				CLANG_ANALYZER_NONNULL = YES;
				CLANG_ANALYZER_NUMBER_OBJECT_CONVERSION = YES_AGGRESSIVE;
				CLANG_CXX_LANGUAGE_STANDARD = "gnu++14";
				CLANG_CXX_LIBRARY = "libc++";
				CLANG_ENABLE_MODULES = YES;
				CLANG_ENABLE_OBJC_ARC = YES;
				CLANG_ENABLE_OBJC_WEAK = YES;
				CLANG_WARN_BLOCK_CAPTURE_AUTORELEASING = YES;
				CLANG_WARN_BOOL_CONVERSION = YES;
				CLANG_WARN_COMMA = YES;
				CLANG_WARN_CONSTANT_CONVERSION = YES;
				CLANG_WARN_DEPRECATED_OBJC_IMPLEMENTATIONS = YES;
				CLANG_WARN_DIRECT_OBJC_ISA_USAGE = YES_ERROR;
				CLANG_WARN_DOCUMENTATION_COMMENTS = YES;
				CLANG_WARN_EMPTY_BODY = YES;
				CLANG_WARN_ENUM_CONVERSION = YES;
				CLANG_WARN_INFINITE_RECURSION = YES;
				CLANG_WARN_INT_CONVERSION = YES;
				CLANG_WARN_NON_LITERAL_NULL_CONVERSION = YES;
				CLANG_WARN_OBJC_IMPLICIT_RETAIN_SELF = YES;
				CLANG_WARN_OBJC_LITERAL_CONVERSION = YES;
				CLANG_WARN_OBJC_ROOT_CLASS = YES_ERROR;
				CLANG_WARN_QUOTED_INCLUDE_IN_FRAMEWORK_HEADER = YES;
				CLANG_WARN_RANGE_LOOP_ANALYSIS = YES;
				CLANG_WARN_STRICT_PROTOTYPES = YES;
				CLANG_WARN_SUSPICIOUS_MOVE = YES;
				CLANG_WARN_UNGUARDED_AVAILABILITY = YES_AGGRESSIVE;
				CLANG_WARN_UNREACHABLE_CODE = YES;
				CLANG_WARN__DUPLICATE_METHOD_MATCH = YES;
				COPY_PHASE_STRIP = NO;
				DEBUG_INFORMATION_FORMAT = "dwarf-with-dsym";
				ENABLE_NS_ASSERTIONS = NO;
				ENABLE_STRICT_OBJC_MSGSEND = YES;
				GCC_C_LANGUAGE_STANDARD = gnu11;
				GCC_NO_COMMON_BLOCKS = YES;
				GCC_WARN_64_TO_32_BIT_CONVERSION = YES;
				GCC_WARN_ABOUT_RETURN_TYPE = YES_ERROR;
				GCC_WARN_UNDECLARED_SELECTOR = YES;
				GCC_WARN_UNINITIALIZED_AUTOS = YES_AGGRESSIVE;
				GCC_WARN_UNUSED_FUNCTION = YES;
				GCC_WARN_UNUSED_VARIABLE = YES;
				MTL_ENABLE_DEBUG_INFO = NO;
				MTL_FAST_MATH = YES;
				SWIFT_COMPILATION_MODE = wholemodule;
				SWIFT_OPTIMIZATION_LEVEL = "-O";
			};
			name = Release;
		};
		F0F6BECC2599D59D00C07D68 /* Debug */ = {
			isa = XCBuildConfiguration;
			buildSettings = {
				ASSETCATALOG_COMPILER_APPICON_NAME = AppIcon;
				ASSETCATALOG_COMPILER_GLOBAL_ACCENT_COLOR_NAME = AccentColor;
				CODE_SIGN_STYLE = Automatic;
				DEVELOPMENT_TEAM = N8L9QFQ89M;
				ENABLE_PREVIEWS = YES;
				INFOPLIST_FILE = iOS/Info.plist;
				IPHONEOS_DEPLOYMENT_TARGET = 14.0;
				LD_RUNPATH_SEARCH_PATHS = (
					"$(inherited)",
					"@executable_path/Frameworks",
				);
				PRODUCT_BUNDLE_IDENTIFIER = com.ostaphnatenko.apps.IntervalTimer;
				PRODUCT_NAME = IntervalTimer;
				SDKROOT = iphoneos;
				SWIFT_VERSION = 5.0;
				TARGETED_DEVICE_FAMILY = "1,2";
			};
			name = Debug;
		};
		F0F6BECD2599D59D00C07D68 /* Release */ = {
			isa = XCBuildConfiguration;
			buildSettings = {
				ASSETCATALOG_COMPILER_APPICON_NAME = AppIcon;
				ASSETCATALOG_COMPILER_GLOBAL_ACCENT_COLOR_NAME = AccentColor;
				CODE_SIGN_STYLE = Automatic;
				DEVELOPMENT_TEAM = N8L9QFQ89M;
				ENABLE_PREVIEWS = YES;
				INFOPLIST_FILE = iOS/Info.plist;
				IPHONEOS_DEPLOYMENT_TARGET = 14.0;
				LD_RUNPATH_SEARCH_PATHS = (
					"$(inherited)",
					"@executable_path/Frameworks",
				);
				PRODUCT_BUNDLE_IDENTIFIER = com.ostaphnatenko.apps.IntervalTimer;
				PRODUCT_NAME = IntervalTimer;
				SDKROOT = iphoneos;
				SWIFT_VERSION = 5.0;
				TARGETED_DEVICE_FAMILY = "1,2";
				VALIDATE_PRODUCT = YES;
			};
			name = Release;
		};
		F0F6BECF2599D59D00C07D68 /* Debug */ = {
			isa = XCBuildConfiguration;
			buildSettings = {
				ASSETCATALOG_COMPILER_APPICON_NAME = AppIcon;
				ASSETCATALOG_COMPILER_GLOBAL_ACCENT_COLOR_NAME = AccentColor;
				CODE_SIGN_ENTITLEMENTS = macOS/macOS.entitlements;
				CODE_SIGN_IDENTITY = "-";
				CODE_SIGN_STYLE = Automatic;
				COMBINE_HIDPI_IMAGES = YES;
				DEVELOPMENT_TEAM = N8L9QFQ89M;
				ENABLE_HARDENED_RUNTIME = YES;
				ENABLE_PREVIEWS = YES;
				INFOPLIST_FILE = macOS/Info.plist;
				LD_RUNPATH_SEARCH_PATHS = (
					"$(inherited)",
					"@executable_path/../Frameworks",
				);
				MACOSX_DEPLOYMENT_TARGET = 11.0;
				PRODUCT_BUNDLE_IDENTIFIER = com.ostaphnatenko.apps.IntervalTimer;
				PRODUCT_NAME = IntervalTimer;
				SDKROOT = macosx;
				SWIFT_VERSION = 5.0;
			};
			name = Debug;
		};
		F0F6BED02599D59D00C07D68 /* Release */ = {
			isa = XCBuildConfiguration;
			buildSettings = {
				ASSETCATALOG_COMPILER_APPICON_NAME = AppIcon;
				ASSETCATALOG_COMPILER_GLOBAL_ACCENT_COLOR_NAME = AccentColor;
				CODE_SIGN_ENTITLEMENTS = macOS/macOS.entitlements;
				CODE_SIGN_IDENTITY = "-";
				CODE_SIGN_STYLE = Automatic;
				COMBINE_HIDPI_IMAGES = YES;
				DEVELOPMENT_TEAM = N8L9QFQ89M;
				ENABLE_HARDENED_RUNTIME = YES;
				ENABLE_PREVIEWS = YES;
				INFOPLIST_FILE = macOS/Info.plist;
				LD_RUNPATH_SEARCH_PATHS = (
					"$(inherited)",
					"@executable_path/../Frameworks",
				);
				MACOSX_DEPLOYMENT_TARGET = 11.0;
				PRODUCT_BUNDLE_IDENTIFIER = com.ostaphnatenko.apps.IntervalTimer;
				PRODUCT_NAME = IntervalTimer;
				SDKROOT = macosx;
				SWIFT_VERSION = 5.0;
			};
			name = Release;
		};
/* End XCBuildConfiguration section */

/* Begin XCConfigurationList section */
		F0F6BEAE2599D59A00C07D68 /* Build configuration list for PBXProject "IntervalTimer" */ = {
			isa = XCConfigurationList;
			buildConfigurations = (
				F0F6BEC92599D59D00C07D68 /* Debug */,
				F0F6BECA2599D59D00C07D68 /* Release */,
			);
			defaultConfigurationIsVisible = 0;
			defaultConfigurationName = Release;
		};
		F0F6BECB2599D59D00C07D68 /* Build configuration list for PBXNativeTarget "IntervalTimer (iOS)" */ = {
			isa = XCConfigurationList;
			buildConfigurations = (
				F0F6BECC2599D59D00C07D68 /* Debug */,
				F0F6BECD2599D59D00C07D68 /* Release */,
			);
			defaultConfigurationIsVisible = 0;
			defaultConfigurationName = Release;
		};
		F0F6BECE2599D59D00C07D68 /* Build configuration list for PBXNativeTarget "IntervalTimer (macOS)" */ = {
			isa = XCConfigurationList;
			buildConfigurations = (
				F0F6BECF2599D59D00C07D68 /* Debug */,
				F0F6BED02599D59D00C07D68 /* Release */,
			);
			defaultConfigurationIsVisible = 0;
			defaultConfigurationName = Release;
		};
/* End XCConfigurationList section */

/* Begin XCRemoteSwiftPackageReference section */
		F06AB70C26D7BD3A00753F64 /* XCRemoteSwiftPackageReference "swift-collections" */ = {
			isa = XCRemoteSwiftPackageReference;
			repositoryURL = "https://github.com/apple/swift-collections";
			requirement = {
				kind = upToNextMajorVersion;
				minimumVersion = 0.0.7;
			};
		};
		F06BD6622721937C00470818 /* XCRemoteSwiftPackageReference "Reactor" */ = {
			isa = XCRemoteSwiftPackageReference;
			repositoryURL = "https://github.com/Teongyrdza/Reactor";
			requirement = {
				branch = main;
				kind = branch;
			};
		};
		F0E087172663A49D0094BAA1 /* XCRemoteSwiftPackageReference "StarUI" */ = {
			isa = XCRemoteSwiftPackageReference;
			repositoryURL = "https://github.com/Teongyrdza/StarUI.git";
			requirement = {
				branch = main;
				kind = branch;
			};
		};
/* End XCRemoteSwiftPackageReference section */

/* Begin XCSwiftPackageProductDependency section */
		F031CFB427245AB100BE3D1D /* Reactor */ = {
			isa = XCSwiftPackageProductDependency;
			package = F06BD6622721937C00470818 /* XCRemoteSwiftPackageReference "Reactor" */;
			productName = Reactor;
		};
		F03236A12663AA340079376E /* StarUI */ = {
			isa = XCSwiftPackageProductDependency;
			package = F0E087172663A49D0094BAA1 /* XCRemoteSwiftPackageReference "StarUI" */;
			productName = StarUI;
		};
		F06AB70D26D7BD3A00753F64 /* Collections */ = {
			isa = XCSwiftPackageProductDependency;
			package = F06AB70C26D7BD3A00753F64 /* XCRemoteSwiftPackageReference "swift-collections" */;
			productName = Collections;
		};
		F06AB70F26D7BD4600753F64 /* Collections */ = {
			isa = XCSwiftPackageProductDependency;
			package = F06AB70C26D7BD3A00753F64 /* XCRemoteSwiftPackageReference "swift-collections" */;
			productName = Collections;
		};
		F06BD6632721937C00470818 /* Reactor */ = {
			isa = XCSwiftPackageProductDependency;
			package = F06BD6622721937C00470818 /* XCRemoteSwiftPackageReference "Reactor" */;
			productName = Reactor;
		};
		F0E087182663A49E0094BAA1 /* StarUI */ = {
			isa = XCSwiftPackageProductDependency;
			package = F0E087172663A49D0094BAA1 /* XCRemoteSwiftPackageReference "StarUI" */;
			productName = StarUI;
		};
/* End XCSwiftPackageProductDependency section */
	};
	rootObject = F0F6BEAB2599D59A00C07D68 /* Project object */;
}
