{
  "object": {
    "pins": [
      {
        "package": "ItDepends",
        "repositoryURL": "https://github.com/Teongyrdza/ItDepends",
        "state": {
          "branch": "main",
          "revision": "e33e2ca4cb10fad13f9c236a43b6912ebe4dcb72",
          "version": null
        }
      },
      {
        "package": "Reactor",
        "repositoryURL": "https://github.com/Teongyrdza/Reactor",
        "state": {
          "branch": "main",
          "revision": "5a755ffee4c71a71670fcfe154c26811d6d0ac38",
          "version": null
        }
      },
      {
        "package": "Runtime",
        "repositoryURL": "https://github.com/wickwirew/Runtime.git",
        "state": {
          "branch": null,
          "revision": "a848b81e1a0100801f572e5273ffe4352fd54088",
          "version": "2.2.2"
        }
      },
      {
        "package": "SoundKit",
        "repositoryURL": "https://github.com/Teongyrdza/SoundKit",
        "state": {
          "branch": "main",
          "revision": "7f47af4905ab8b36115327ccbe810bed1f553355",
          "version": null
        }
      },
      {
        "package": "StarUI",
        "repositoryURL": "https://github.com/Teongyrdza/StarUI.git",
        "state": {
          "branch": "main",
          "revision": "ab9165ea69268d183119c4b808ce087c1c37586c",
          "version": null
        }
      },
      {
        "package": "swift-collections",
        "repositoryURL": "https://github.com/apple/swift-collections",
        "state": {
          "branch": null,
          "revision": "9d8719c8bebdc79740b6969c912ac706eb721d7a",
          "version": "0.0.7"
        }
      }
    ]
  },
  "version": 1
}
